// !$*UTF8*$!
{
	archiveVersion = 1;
	classes = {
	};
	objectVersion = 56;
	objects = {

/* Begin PBXBuildFile section */
		D71E246229FA61FC0049A157 /* SnapKit in Frameworks */ = {isa = PBXBuildFile; productRef = D71E246129FA61FC0049A157 /* SnapKit */; };
		D71E246629FA66710049A157 /* AuthService.swift in Sources */ = {isa = PBXBuildFile; fileRef = D71E246529FA66710049A157 /* AuthService.swift */; };
		D71E246929FA66EF0049A157 /* User.swift in Sources */ = {isa = PBXBuildFile; fileRef = D71E246829FA66EF0049A157 /* User.swift */; };
		D71E246C29FA68590049A157 /* MainCoordinator.swift in Sources */ = {isa = PBXBuildFile; fileRef = D71E246B29FA68590049A157 /* MainCoordinator.swift */; };
		D71E247029FA694D0049A157 /* KeychainManager.swift in Sources */ = {isa = PBXBuildFile; fileRef = D71E246F29FA694D0049A157 /* KeychainManager.swift */; };
		D7BA105329FA5C0D00C2A233 /* AppDelegate.swift in Sources */ = {isa = PBXBuildFile; fileRef = D7BA105229FA5C0D00C2A233 /* AppDelegate.swift */; };
		D7BA105529FA5C0D00C2A233 /* SceneDelegate.swift in Sources */ = {isa = PBXBuildFile; fileRef = D7BA105429FA5C0D00C2A233 /* SceneDelegate.swift */; };
		D7BA105729FA5C0D00C2A233 /* ViewController.swift in Sources */ = {isa = PBXBuildFile; fileRef = D7BA105629FA5C0D00C2A233 /* ViewController.swift */; };
		D7BA105C29FA5C1000C2A233 /* Assets.xcassets in Resources */ = {isa = PBXBuildFile; fileRef = D7BA105B29FA5C1000C2A233 /* Assets.xcassets */; };
		D7BA105F29FA5C1000C2A233 /* LaunchScreen.storyboard in Resources */ = {isa = PBXBuildFile; fileRef = D7BA105D29FA5C1000C2A233 /* LaunchScreen.storyboard */; };
		D7BA106729FA5E1500C2A233 /* .gitinore in Resources */ = {isa = PBXBuildFile; fileRef = D7BA106629FA5E1400C2A233 /* .gitinore */; };
		D7BA106929FA5E2700C2A233 /* README.md in Resources */ = {isa = PBXBuildFile; fileRef = D7BA106829FA5E2700C2A233 /* README.md */; };
/* End PBXBuildFile section */

/* Begin PBXFileReference section */
		D71E246529FA66710049A157 /* AuthService.swift */ = {isa = PBXFileReference; lastKnownFileType = sourcecode.swift; path = AuthService.swift; sourceTree = "<group>"; };
		D71E246829FA66EF0049A157 /* User.swift */ = {isa = PBXFileReference; lastKnownFileType = sourcecode.swift; path = User.swift; sourceTree = "<group>"; };
		D71E246B29FA68590049A157 /* MainCoordinator.swift */ = {isa = PBXFileReference; lastKnownFileType = sourcecode.swift; path = MainCoordinator.swift; sourceTree = "<group>"; };
		D71E246F29FA694D0049A157 /* KeychainManager.swift */ = {isa = PBXFileReference; lastKnownFileType = sourcecode.swift; path = KeychainManager.swift; sourceTree = "<group>"; };
		D7BA104F29FA5C0D00C2A233 /* MobileUpGallery.app */ = {isa = PBXFileReference; explicitFileType = wrapper.application; includeInIndex = 0; path = MobileUpGallery.app; sourceTree = BUILT_PRODUCTS_DIR; };
		D7BA105229FA5C0D00C2A233 /* AppDelegate.swift */ = {isa = PBXFileReference; lastKnownFileType = sourcecode.swift; path = AppDelegate.swift; sourceTree = "<group>"; };
		D7BA105429FA5C0D00C2A233 /* SceneDelegate.swift */ = {isa = PBXFileReference; lastKnownFileType = sourcecode.swift; path = SceneDelegate.swift; sourceTree = "<group>"; };
		D7BA105629FA5C0D00C2A233 /* ViewController.swift */ = {isa = PBXFileReference; lastKnownFileType = sourcecode.swift; path = ViewController.swift; sourceTree = "<group>"; };
		D7BA105B29FA5C1000C2A233 /* Assets.xcassets */ = {isa = PBXFileReference; lastKnownFileType = folder.assetcatalog; path = Assets.xcassets; sourceTree = "<group>"; };
		D7BA105E29FA5C1000C2A233 /* Base */ = {isa = PBXFileReference; lastKnownFileType = file.storyboard; name = Base; path = Base.lproj/LaunchScreen.storyboard; sourceTree = "<group>"; };
		D7BA106029FA5C1000C2A233 /* Info.plist */ = {isa = PBXFileReference; lastKnownFileType = text.plist.xml; path = Info.plist; sourceTree = "<group>"; };
		D7BA106629FA5E1400C2A233 /* .gitinore */ = {isa = PBXFileReference; lastKnownFileType = text; path = .gitinore; sourceTree = "<group>"; };
		D7BA106829FA5E2700C2A233 /* README.md */ = {isa = PBXFileReference; lastKnownFileType = net.daringfireball.markdown; path = README.md; sourceTree = "<group>"; };
/* End PBXFileReference section */

/* Begin PBXFrameworksBuildPhase section */
		D7BA104C29FA5C0D00C2A233 /* Frameworks */ = {
			isa = PBXFrameworksBuildPhase;
			buildActionMask = 2147483647;
			files = (
				D71E246229FA61FC0049A157 /* SnapKit in Frameworks */,
			);
			runOnlyForDeploymentPostprocessing = 0;
		};
/* End PBXFrameworksBuildPhase section */

/* Begin PBXGroup section */
		D71E246329FA65E00049A157 /* Services */ = {
			isa = PBXGroup;
			children = (
				D71E246529FA66710049A157 /* AuthService.swift */,
			);
			path = Services;
			sourceTree = "<group>";
		};
		D71E246429FA65F90049A157 /* Support */ = {
			isa = PBXGroup;
			children = (
				D7BA105229FA5C0D00C2A233 /* AppDelegate.swift */,
				D7BA105429FA5C0D00C2A233 /* SceneDelegate.swift */,
				D7BA105B29FA5C1000C2A233 /* Assets.xcassets */,
				D7BA105D29FA5C1000C2A233 /* LaunchScreen.storyboard */,
			);
			path = Support;
			sourceTree = "<group>";
		};
		D71E246729FA66D70049A157 /* Models */ = {
			isa = PBXGroup;
			children = (
				D71E246829FA66EF0049A157 /* User.swift */,
			);
			path = Models;
			sourceTree = "<group>";
		};
		D71E246A29FA680A0049A157 /* Coordinators */ = {
			isa = PBXGroup;
			children = (
				D71E246B29FA68590049A157 /* MainCoordinator.swift */,
			);
			path = Coordinators;
			sourceTree = "<group>";
		};
		D71E246D29FA69070049A157 /* Managers */ = {
			isa = PBXGroup;
			children = (
				D71E246E29FA691C0049A157 /* KeychainManager */,
			);
			path = Managers;
			sourceTree = "<group>";
		};
		D71E246E29FA691C0049A157 /* KeychainManager */ = {
			isa = PBXGroup;
			children = (
				D71E246F29FA694D0049A157 /* KeychainManager.swift */,
			);
			path = KeychainManager;
			sourceTree = "<group>";
		};
		D7BA104629FA5C0D00C2A233 = {
			isa = PBXGroup;
			children = (
				D7BA106829FA5E2700C2A233 /* README.md */,
				D7BA105129FA5C0D00C2A233 /* MobileUpGallery */,
				D7BA105029FA5C0D00C2A233 /* Products */,
			);
			sourceTree = "<group>";
		};
		D7BA105029FA5C0D00C2A233 /* Products */ = {
			isa = PBXGroup;
			children = (
				D7BA104F29FA5C0D00C2A233 /* MobileUpGallery.app */,
			);
			name = Products;
			sourceTree = "<group>";
		};
		D7BA105129FA5C0D00C2A233 /* MobileUpGallery */ = {
			isa = PBXGroup;
			children = (
				D7BA106029FA5C1000C2A233 /* Info.plist */,
				D7BA105629FA5C0D00C2A233 /* ViewController.swift */,
				D71E246429FA65F90049A157 /* Support */,
				D71E246A29FA680A0049A157 /* Coordinators */,
				D71E246329FA65E00049A157 /* Services */,
				D71E246D29FA69070049A157 /* Managers */,
				D71E246729FA66D70049A157 /* Models */,
				D7BA106629FA5E1400C2A233 /* .gitinore */,
			);
			path = MobileUpGallery;
			sourceTree = "<group>";
		};
/* End PBXGroup section */

/* Begin PBXNativeTarget section */
		D7BA104E29FA5C0D00C2A233 /* MobileUpGallery */ = {
			isa = PBXNativeTarget;
			buildConfigurationList = D7BA106329FA5C1000C2A233 /* Build configuration list for PBXNativeTarget "MobileUpGallery" */;
			buildPhases = (
				D7BA104B29FA5C0D00C2A233 /* Sources */,
				D7BA104C29FA5C0D00C2A233 /* Frameworks */,
				D7BA104D29FA5C0D00C2A233 /* Resources */,
			);
			buildRules = (
			);
			dependencies = (
			);
			name = MobileUpGallery;
			packageProductDependencies = (
				D71E246129FA61FC0049A157 /* SnapKit */,
			);
			productName = MobileUpGallery;
			productReference = D7BA104F29FA5C0D00C2A233 /* MobileUpGallery.app */;
			productType = "com.apple.product-type.application";
		};
/* End PBXNativeTarget section */

/* Begin PBXProject section */
		D7BA104729FA5C0D00C2A233 /* Project object */ = {
			isa = PBXProject;
			attributes = {
				BuildIndependentTargetsInParallel = 1;
				LastSwiftUpdateCheck = 1420;
				LastUpgradeCheck = 1420;
				TargetAttributes = {
					D7BA104E29FA5C0D00C2A233 = {
						CreatedOnToolsVersion = 14.2;
					};
				};
			};
			buildConfigurationList = D7BA104A29FA5C0D00C2A233 /* Build configuration list for PBXProject "MobileUpGallery" */;
			compatibilityVersion = "Xcode 14.0";
			developmentRegion = en;
			hasScannedForEncodings = 0;
			knownRegions = (
				en,
				Base,
			);
			mainGroup = D7BA104629FA5C0D00C2A233;
			packageReferences = (
				D71E246029FA61FC0049A157 /* XCRemoteSwiftPackageReference "SnapKit" */,
			);
			productRefGroup = D7BA105029FA5C0D00C2A233 /* Products */;
			projectDirPath = "";
			projectRoot = "";
			targets = (
				D7BA104E29FA5C0D00C2A233 /* MobileUpGallery */,
			);
		};
/* End PBXProject section */

/* Begin PBXResourcesBuildPhase section */
		D7BA104D29FA5C0D00C2A233 /* Resources */ = {
			isa = PBXResourcesBuildPhase;
			buildActionMask = 2147483647;
			files = (
				D7BA106729FA5E1500C2A233 /* .gitinore in Resources */,
				D7BA105F29FA5C1000C2A233 /* LaunchScreen.storyboard in Resources */,
				D7BA106929FA5E2700C2A233 /* README.md in Resources */,
				D7BA105C29FA5C1000C2A233 /* Assets.xcassets in Resources */,
			);
			runOnlyForDeploymentPostprocessing = 0;
		};
/* End PBXResourcesBuildPhase section */

/* Begin PBXSourcesBuildPhase section */
		D7BA104B29FA5C0D00C2A233 /* Sources */ = {
			isa = PBXSourcesBuildPhase;
			buildActionMask = 2147483647;
			files = (
				D7BA105729FA5C0D00C2A233 /* ViewController.swift in Sources */,
				D71E246C29FA68590049A157 /* MainCoordinator.swift in Sources */,
				D7BA105329FA5C0D00C2A233 /* AppDelegate.swift in Sources */,
				D71E247029FA694D0049A157 /* KeychainManager.swift in Sources */,
				D7BA105529FA5C0D00C2A233 /* SceneDelegate.swift in Sources */,
				D71E246929FA66EF0049A157 /* User.swift in Sources */,
				D71E246629FA66710049A157 /* AuthService.swift in Sources */,
			);
			runOnlyForDeploymentPostprocessing = 0;
		};
/* End PBXSourcesBuildPhase section */

/* Begin PBXVariantGroup section */
		D7BA105D29FA5C1000C2A233 /* LaunchScreen.storyboard */ = {
			isa = PBXVariantGroup;
			children = (
				D7BA105E29FA5C1000C2A233 /* Base */,
			);
			name = LaunchScreen.storyboard;
			sourceTree = "<group>";
		};
/* End PBXVariantGroup section */

/* Begin XCBuildConfiguration section */
		D7BA106129FA5C1000C2A233 /* Debug */ = {
			isa = XCBuildConfiguration;
			buildSettings = {
				ALWAYS_SEARCH_USER_PATHS = NO;
				CLANG_ANALYZER_NONNULL = YES;
				CLANG_ANALYZER_NUMBER_OBJECT_CONVERSION = YES_AGGRESSIVE;
				CLANG_CXX_LANGUAGE_STANDARD = "gnu++20";
				CLANG_ENABLE_MODULES = YES;
				CLANG_ENABLE_OBJC_ARC = YES;
				CLANG_ENABLE_OBJC_WEAK = YES;
				CLANG_WARN_BLOCK_CAPTURE_AUTORELEASING = YES;
				CLANG_WARN_BOOL_CONVERSION = YES;
				CLANG_WARN_COMMA = YES;
				CLANG_WARN_CONSTANT_CONVERSION = YES;
				CLANG_WARN_DEPRECATED_OBJC_IMPLEMENTATIONS = YES;
				CLANG_WARN_DIRECT_OBJC_ISA_USAGE = YES_ERROR;
				CLANG_WARN_DOCUMENTATION_COMMENTS = YES;
				CLANG_WARN_EMPTY_BODY = YES;
				CLANG_WARN_ENUM_CONVERSION = YES;
				CLANG_WARN_INFINITE_RECURSION = YES;
				CLANG_WARN_INT_CONVERSION = YES;
				CLANG_WARN_NON_LITERAL_NULL_CONVERSION = YES;
				CLANG_WARN_OBJC_IMPLICIT_RETAIN_SELF = YES;
				CLANG_WARN_OBJC_LITERAL_CONVERSION = YES;
				CLANG_WARN_OBJC_ROOT_CLASS = YES_ERROR;
				CLANG_WARN_QUOTED_INCLUDE_IN_FRAMEWORK_HEADER = YES;
				CLANG_WARN_RANGE_LOOP_ANALYSIS = YES;
				CLANG_WARN_STRICT_PROTOTYPES = YES;
				CLANG_WARN_SUSPICIOUS_MOVE = YES;
				CLANG_WARN_UNGUARDED_AVAILABILITY = YES_AGGRESSIVE;
				CLANG_WARN_UNREACHABLE_CODE = YES;
				CLANG_WARN__DUPLICATE_METHOD_MATCH = YES;
				COPY_PHASE_STRIP = NO;
				DEBUG_INFORMATION_FORMAT = dwarf;
				ENABLE_STRICT_OBJC_MSGSEND = YES;
				ENABLE_TESTABILITY = YES;
				GCC_C_LANGUAGE_STANDARD = gnu11;
				GCC_DYNAMIC_NO_PIC = NO;
				GCC_NO_COMMON_BLOCKS = YES;
				GCC_OPTIMIZATION_LEVEL = 0;
				GCC_PREPROCESSOR_DEFINITIONS = (
					"DEBUG=1",
					"$(inherited)",
				);
				GCC_WARN_64_TO_32_BIT_CONVERSION = YES;
				GCC_WARN_ABOUT_RETURN_TYPE = YES_ERROR;
				GCC_WARN_UNDECLARED_SELECTOR = YES;
				GCC_WARN_UNINITIALIZED_AUTOS = YES_AGGRESSIVE;
				GCC_WARN_UNUSED_FUNCTION = YES;
				GCC_WARN_UNUSED_VARIABLE = YES;
				IPHONEOS_DEPLOYMENT_TARGET = 15.0;
				MTL_ENABLE_DEBUG_INFO = INCLUDE_SOURCE;
				MTL_FAST_MATH = YES;
				ONLY_ACTIVE_ARCH = YES;
				SDKROOT = iphoneos;
				SWIFT_ACTIVE_COMPILATION_CONDITIONS = DEBUG;
				SWIFT_OPTIMIZATION_LEVEL = "-Onone";
			};
			name = Debug;
		};
		D7BA106229FA5C1000C2A233 /* Release */ = {
			isa = XCBuildConfiguration;
			buildSettings = {
				ALWAYS_SEARCH_USER_PATHS = NO;
				CLANG_ANALYZER_NONNULL = YES;
				CLANG_ANALYZER_NUMBER_OBJECT_CONVERSION = YES_AGGRESSIVE;
				CLANG_CXX_LANGUAGE_STANDARD = "gnu++20";
				CLANG_ENABLE_MODULES = YES;
				CLANG_ENABLE_OBJC_ARC = YES;
				CLANG_ENABLE_OBJC_WEAK = YES;
				CLANG_WARN_BLOCK_CAPTURE_AUTORELEASING = YES;
				CLANG_WARN_BOOL_CONVERSION = YES;
				CLANG_WARN_COMMA = YES;
				CLANG_WARN_CONSTANT_CONVERSION = YES;
				CLANG_WARN_DEPRECATED_OBJC_IMPLEMENTATIONS = YES;
				CLANG_WARN_DIRECT_OBJC_ISA_USAGE = YES_ERROR;
				CLANG_WARN_DOCUMENTATION_COMMENTS = YES;
				CLANG_WARN_EMPTY_BODY = YES;
				CLANG_WARN_ENUM_CONVERSION = YES;
				CLANG_WARN_INFINITE_RECURSION = YES;
				CLANG_WARN_INT_CONVERSION = YES;
				CLANG_WARN_NON_LITERAL_NULL_CONVERSION = YES;
				CLANG_WARN_OBJC_IMPLICIT_RETAIN_SELF = YES;
				CLANG_WARN_OBJC_LITERAL_CONVERSION = YES;
				CLANG_WARN_OBJC_ROOT_CLASS = YES_ERROR;
				CLANG_WARN_QUOTED_INCLUDE_IN_FRAMEWORK_HEADER = YES;
				CLANG_WARN_RANGE_LOOP_ANALYSIS = YES;
				CLANG_WARN_STRICT_PROTOTYPES = YES;
				CLANG_WARN_SUSPICIOUS_MOVE = YES;
				CLANG_WARN_UNGUARDED_AVAILABILITY = YES_AGGRESSIVE;
				CLANG_WARN_UNREACHABLE_CODE = YES;
				CLANG_WARN__DUPLICATE_METHOD_MATCH = YES;
				COPY_PHASE_STRIP = NO;
				DEBUG_INFORMATION_FORMAT = "dwarf-with-dsym";
				ENABLE_NS_ASSERTIONS = NO;
				ENABLE_STRICT_OBJC_MSGSEND = YES;
				GCC_C_LANGUAGE_STANDARD = gnu11;
				GCC_NO_COMMON_BLOCKS = YES;
				GCC_WARN_64_TO_32_BIT_CONVERSION = YES;
				GCC_WARN_ABOUT_RETURN_TYPE = YES_ERROR;
				GCC_WARN_UNDECLARED_SELECTOR = YES;
				GCC_WARN_UNINITIALIZED_AUTOS = YES_AGGRESSIVE;
				GCC_WARN_UNUSED_FUNCTION = YES;
				GCC_WARN_UNUSED_VARIABLE = YES;
				IPHONEOS_DEPLOYMENT_TARGET = 15.0;
				MTL_ENABLE_DEBUG_INFO = NO;
				MTL_FAST_MATH = YES;
				SDKROOT = iphoneos;
				SWIFT_COMPILATION_MODE = wholemodule;
				SWIFT_OPTIMIZATION_LEVEL = "-O";
				VALIDATE_PRODUCT = YES;
			};
			name = Release;
		};
		D7BA106429FA5C1000C2A233 /* Debug */ = {
			isa = XCBuildConfiguration;
			buildSettings = {
				ASSETCATALOG_COMPILER_APPICON_NAME = AppIcon;
				ASSETCATALOG_COMPILER_GLOBAL_ACCENT_COLOR_NAME = AccentColor;
				CODE_SIGN_STYLE = Automatic;
				CURRENT_PROJECT_VERSION = 1;
				DEVELOPMENT_TEAM = 95D5HHTHLU;
				GENERATE_INFOPLIST_FILE = YES;
				INFOPLIST_FILE = MobileUpGallery/Info.plist;
				INFOPLIST_KEY_UIApplicationSupportsIndirectInputEvents = YES;
				INFOPLIST_KEY_UILaunchStoryboardName = LaunchScreen;
				INFOPLIST_KEY_UISupportedInterfaceOrientations_iPad = "UIInterfaceOrientationPortrait UIInterfaceOrientationPortraitUpsideDown UIInterfaceOrientationLandscapeLeft UIInterfaceOrientationLandscapeRight";
				INFOPLIST_KEY_UISupportedInterfaceOrientations_iPhone = "UIInterfaceOrientationPortrait UIInterfaceOrientationLandscapeLeft UIInterfaceOrientationLandscapeRight";
				IPHONEOS_DEPLOYMENT_TARGET = 15.0;
				LD_RUNPATH_SEARCH_PATHS = (
					"$(inherited)",
					"@executable_path/Frameworks",
				);
				MARKETING_VERSION = 1.0;
				PRODUCT_BUNDLE_IDENTIFIER = MichailDev.MobileUpGallery;
				PRODUCT_NAME = "$(TARGET_NAME)";
				SUPPORTED_PLATFORMS = "iphoneos iphonesimulator";
				SUPPORTS_MACCATALYST = NO;
				SUPPORTS_MAC_DESIGNED_FOR_IPHONE_IPAD = NO;
				SWIFT_EMIT_LOC_STRINGS = YES;
				SWIFT_VERSION = 5.0;
				TARGETED_DEVICE_FAMILY = 1;
			};
			name = Debug;
		};
		D7BA106529FA5C1000C2A233 /* Release */ = {
			isa = XCBuildConfiguration;
			buildSettings = {
				ASSETCATALOG_COMPILER_APPICON_NAME = AppIcon;
				ASSETCATALOG_COMPILER_GLOBAL_ACCENT_COLOR_NAME = AccentColor;
				CODE_SIGN_STYLE = Automatic;
				CURRENT_PROJECT_VERSION = 1;
				DEVELOPMENT_TEAM = 95D5HHTHLU;
				GENERATE_INFOPLIST_FILE = YES;
				INFOPLIST_FILE = MobileUpGallery/Info.plist;
				INFOPLIST_KEY_UIApplicationSupportsIndirectInputEvents = YES;
				INFOPLIST_KEY_UILaunchStoryboardName = LaunchScreen;
				INFOPLIST_KEY_UISupportedInterfaceOrientations_iPad = "UIInterfaceOrientationPortrait UIInterfaceOrientationPortraitUpsideDown UIInterfaceOrientationLandscapeLeft UIInterfaceOrientationLandscapeRight";
				INFOPLIST_KEY_UISupportedInterfaceOrientations_iPhone = "UIInterfaceOrientationPortrait UIInterfaceOrientationLandscapeLeft UIInterfaceOrientationLandscapeRight";
				IPHONEOS_DEPLOYMENT_TARGET = 15.0;
				LD_RUNPATH_SEARCH_PATHS = (
					"$(inherited)",
					"@executable_path/Frameworks",
				);
				MARKETING_VERSION = 1.0;
				PRODUCT_BUNDLE_IDENTIFIER = MichailDev.MobileUpGallery;
				PRODUCT_NAME = "$(TARGET_NAME)";
				SUPPORTED_PLATFORMS = "iphoneos iphonesimulator";
				SUPPORTS_MACCATALYST = NO;
				SUPPORTS_MAC_DESIGNED_FOR_IPHONE_IPAD = NO;
				SWIFT_EMIT_LOC_STRINGS = YES;
				SWIFT_VERSION = 5.0;
				TARGETED_DEVICE_FAMILY = 1;
			};
			name = Release;
		};
/* End XCBuildConfiguration section */

/* Begin XCConfigurationList section */
		D7BA104A29FA5C0D00C2A233 /* Build configuration list for PBXProject "MobileUpGallery" */ = {
			isa = XCConfigurationList;
			buildConfigurations = (
				D7BA106129FA5C1000C2A233 /* Debug */,
				D7BA106229FA5C1000C2A233 /* Release */,
			);
			defaultConfigurationIsVisible = 0;
			defaultConfigurationName = Release;
		};
		D7BA106329FA5C1000C2A233 /* Build configuration list for PBXNativeTarget "MobileUpGallery" */ = {
			isa = XCConfigurationList;
			buildConfigurations = (
				D7BA106429FA5C1000C2A233 /* Debug */,
				D7BA106529FA5C1000C2A233 /* Release */,
			);
			defaultConfigurationIsVisible = 0;
			defaultConfigurationName = Release;
		};
/* End XCConfigurationList section */

/* Begin XCRemoteSwiftPackageReference section */
		D71E246029FA61FC0049A157 /* XCRemoteSwiftPackageReference "SnapKit" */ = {
			isa = XCRemoteSwiftPackageReference;
			repositoryURL = "https://github.com/SnapKit/SnapKit";
			requirement = {
				kind = upToNextMajorVersion;
				minimumVersion = 5.0.0;
			};
		};
/* End XCRemoteSwiftPackageReference section */

/* Begin XCSwiftPackageProductDependency section */
		D71E246129FA61FC0049A157 /* SnapKit */ = {
			isa = XCSwiftPackageProductDependency;
			package = D71E246029FA61FC0049A157 /* XCRemoteSwiftPackageReference "SnapKit" */;
			productName = SnapKit;
		};
/* End XCSwiftPackageProductDependency section */
	};
	rootObject = D7BA104729FA5C0D00C2A233 /* Project object */;
}
